// !$*UTF8*$!
{
	archiveVersion = 1;
	classes = {
	};
	objectVersion = 55;
	objects = {

/* Begin PBXBuildFile section */
		0E665910282F14EF0040CF42 /* GripXPokemonAppApp.swift in Sources */ = {isa = PBXBuildFile; fileRef = 0E66590F282F14EF0040CF42 /* GripXPokemonAppApp.swift */; };
		0E665912282F14EF0040CF42 /* ListView.swift in Sources */ = {isa = PBXBuildFile; fileRef = 0E665911282F14EF0040CF42 /* ListView.swift */; };
		0E665914282F14F10040CF42 /* Assets.xcassets in Resources */ = {isa = PBXBuildFile; fileRef = 0E665913282F14F10040CF42 /* Assets.xcassets */; };
		0E665917282F14F10040CF42 /* Preview Assets.xcassets in Resources */ = {isa = PBXBuildFile; fileRef = 0E665916282F14F10040CF42 /* Preview Assets.xcassets */; };
		0E665921282F14F10040CF42 /* GripXPokemonAppTests.swift in Sources */ = {isa = PBXBuildFile; fileRef = 0E665920282F14F10040CF42 /* GripXPokemonAppTests.swift */; };
		0E66592B282F14F10040CF42 /* GripXPokemonAppUITests.swift in Sources */ = {isa = PBXBuildFile; fileRef = 0E66592A282F14F10040CF42 /* GripXPokemonAppUITests.swift */; };
		0E66592D282F14F10040CF42 /* GripXPokemonAppUITestsLaunchTests.swift in Sources */ = {isa = PBXBuildFile; fileRef = 0E66592C282F14F10040CF42 /* GripXPokemonAppUITestsLaunchTests.swift */; };
		0E66594B282FFCF60040CF42 /* PokemonAPI+.swift in Sources */ = {isa = PBXBuildFile; fileRef = 0E66594A282FFCF60040CF42 /* PokemonAPI+.swift */; };
		0E66594D282FFD400040CF42 /* ListViewModel.swift in Sources */ = {isa = PBXBuildFile; fileRef = 0E66594C282FFD400040CF42 /* ListViewModel.swift */; };
		0E66595F2832B0680040CF42 /* PokemonAPI in Frameworks */ = {isa = PBXBuildFile; productRef = 0E66595E2832B0680040CF42 /* PokemonAPI */; };
/* End PBXBuildFile section */

/* Begin PBXContainerItemProxy section */
		0E66591D282F14F10040CF42 /* PBXContainerItemProxy */ = {
			isa = PBXContainerItemProxy;
			containerPortal = 0E665904282F14EF0040CF42 /* Project object */;
			proxyType = 1;
			remoteGlobalIDString = 0E66590B282F14EF0040CF42;
			remoteInfo = GripXPokemonApp;
		};
		0E665927282F14F10040CF42 /* PBXContainerItemProxy */ = {
			isa = PBXContainerItemProxy;
			containerPortal = 0E665904282F14EF0040CF42 /* Project object */;
			proxyType = 1;
			remoteGlobalIDString = 0E66590B282F14EF0040CF42;
			remoteInfo = GripXPokemonApp;
		};
/* End PBXContainerItemProxy section */

/* Begin PBXFileReference section */
		0E66590C282F14EF0040CF42 /* GripXPokemonApp.app */ = {isa = PBXFileReference; explicitFileType = wrapper.application; includeInIndex = 0; path = GripXPokemonApp.app; sourceTree = BUILT_PRODUCTS_DIR; };
		0E66590F282F14EF0040CF42 /* GripXPokemonAppApp.swift */ = {isa = PBXFileReference; lastKnownFileType = sourcecode.swift; path = GripXPokemonAppApp.swift; sourceTree = "<group>"; };
		0E665911282F14EF0040CF42 /* ListView.swift */ = {isa = PBXFileReference; lastKnownFileType = sourcecode.swift; path = ListView.swift; sourceTree = "<group>"; };
		0E665913282F14F10040CF42 /* Assets.xcassets */ = {isa = PBXFileReference; lastKnownFileType = folder.assetcatalog; path = Assets.xcassets; sourceTree = "<group>"; };
		0E665916282F14F10040CF42 /* Preview Assets.xcassets */ = {isa = PBXFileReference; lastKnownFileType = folder.assetcatalog; path = "Preview Assets.xcassets"; sourceTree = "<group>"; };
		0E66591C282F14F10040CF42 /* GripXPokemonAppTests.xctest */ = {isa = PBXFileReference; explicitFileType = wrapper.cfbundle; includeInIndex = 0; path = GripXPokemonAppTests.xctest; sourceTree = BUILT_PRODUCTS_DIR; };
		0E665920282F14F10040CF42 /* GripXPokemonAppTests.swift */ = {isa = PBXFileReference; lastKnownFileType = sourcecode.swift; path = GripXPokemonAppTests.swift; sourceTree = "<group>"; };
		0E665926282F14F10040CF42 /* GripXPokemonAppUITests.xctest */ = {isa = PBXFileReference; explicitFileType = wrapper.cfbundle; includeInIndex = 0; path = GripXPokemonAppUITests.xctest; sourceTree = BUILT_PRODUCTS_DIR; };
		0E66592A282F14F10040CF42 /* GripXPokemonAppUITests.swift */ = {isa = PBXFileReference; lastKnownFileType = sourcecode.swift; path = GripXPokemonAppUITests.swift; sourceTree = "<group>"; };
		0E66592C282F14F10040CF42 /* GripXPokemonAppUITestsLaunchTests.swift */ = {isa = PBXFileReference; lastKnownFileType = sourcecode.swift; path = GripXPokemonAppUITestsLaunchTests.swift; sourceTree = "<group>"; };
		0E66594A282FFCF60040CF42 /* PokemonAPI+.swift */ = {isa = PBXFileReference; lastKnownFileType = sourcecode.swift; path = "PokemonAPI+.swift"; sourceTree = "<group>"; };
		0E66594C282FFD400040CF42 /* ListViewModel.swift */ = {isa = PBXFileReference; lastKnownFileType = sourcecode.swift; path = ListViewModel.swift; sourceTree = "<group>"; };
/* End PBXFileReference section */

/* Begin PBXFrameworksBuildPhase section */
		0E665909282F14EF0040CF42 /* Frameworks */ = {
			isa = PBXFrameworksBuildPhase;
			buildActionMask = 2147483647;
			files = (
				0E66595F2832B0680040CF42 /* PokemonAPI in Frameworks */,
			);
			runOnlyForDeploymentPostprocessing = 0;
		};
		0E665919282F14F10040CF42 /* Frameworks */ = {
			isa = PBXFrameworksBuildPhase;
			buildActionMask = 2147483647;
			files = (
			);
			runOnlyForDeploymentPostprocessing = 0;
		};
		0E665923282F14F10040CF42 /* Frameworks */ = {
			isa = PBXFrameworksBuildPhase;
			buildActionMask = 2147483647;
			files = (
			);
			runOnlyForDeploymentPostprocessing = 0;
		};
/* End PBXFrameworksBuildPhase section */

/* Begin PBXGroup section */
		0E665903282F14EF0040CF42 = {
			isa = PBXGroup;
			children = (
				0E66590E282F14EF0040CF42 /* GripXPokemonApp */,
				0E66591F282F14F10040CF42 /* GripXPokemonAppTests */,
				0E665929282F14F10040CF42 /* GripXPokemonAppUITests */,
				0E66590D282F14EF0040CF42 /* Products */,
			);
			sourceTree = "<group>";
		};
		0E66590D282F14EF0040CF42 /* Products */ = {
			isa = PBXGroup;
			children = (
				0E66590C282F14EF0040CF42 /* GripXPokemonApp.app */,
				0E66591C282F14F10040CF42 /* GripXPokemonAppTests.xctest */,
				0E665926282F14F10040CF42 /* GripXPokemonAppUITests.xctest */,
			);
			name = Products;
			sourceTree = "<group>";
		};
		0E66590E282F14EF0040CF42 /* GripXPokemonApp */ = {
			isa = PBXGroup;
			children = (
				0E66590F282F14EF0040CF42 /* GripXPokemonAppApp.swift */,
				0E66593F282F16380040CF42 /* Components */,
				0E665939282F15A40040CF42 /* Model */,
				0E665915282F14F10040CF42 /* Preview Content */,
				0E665940282F166E0040CF42 /* Resources */,
			);
			path = GripXPokemonApp;
			sourceTree = "<group>";
		};
		0E665915282F14F10040CF42 /* Preview Content */ = {
			isa = PBXGroup;
			children = (
				0E665916282F14F10040CF42 /* Preview Assets.xcassets */,
			);
			path = "Preview Content";
			sourceTree = "<group>";
		};
		0E66591F282F14F10040CF42 /* GripXPokemonAppTests */ = {
			isa = PBXGroup;
			children = (
				0E665920282F14F10040CF42 /* GripXPokemonAppTests.swift */,
			);
			path = GripXPokemonAppTests;
			sourceTree = "<group>";
		};
		0E665929282F14F10040CF42 /* GripXPokemonAppUITests */ = {
			isa = PBXGroup;
			children = (
				0E66592A282F14F10040CF42 /* GripXPokemonAppUITests.swift */,
				0E66592C282F14F10040CF42 /* GripXPokemonAppUITestsLaunchTests.swift */,
			);
			path = GripXPokemonAppUITests;
			sourceTree = "<group>";
		};
		0E665939282F15A40040CF42 /* Model */ = {
			isa = PBXGroup;
			children = (
				0E66593C282F15B90040CF42 /* Utilities */,
				0E66593B282F15B10040CF42 /* Services */,
				0E66593A282F15AC0040CF42 /* Network */,
			);
			path = Model;
			sourceTree = "<group>";
		};
		0E66593A282F15AC0040CF42 /* Network */ = {
			isa = PBXGroup;
			children = (
			);
			path = Network;
			sourceTree = "<group>";
		};
		0E66593B282F15B10040CF42 /* Services */ = {
			isa = PBXGroup;
			children = (
			);
			path = Services;
			sourceTree = "<group>";
		};
		0E66593C282F15B90040CF42 /* Utilities */ = {
			isa = PBXGroup;
			children = (
				0E66594A282FFCF60040CF42 /* PokemonAPI+.swift */,
			);
			path = Utilities;
			sourceTree = "<group>";
		};
		0E66593D282F15EE0040CF42 /* UI */ = {
			isa = PBXGroup;
			children = (
				0E665911282F14EF0040CF42 /* ListView.swift */,
			);
			path = UI;
			sourceTree = "<group>";
		};
		0E66593E282F16000040CF42 /* ViewModels */ = {
			isa = PBXGroup;
			children = (
				0E66594C282FFD400040CF42 /* ListViewModel.swift */,
			);
			path = ViewModels;
			sourceTree = "<group>";
		};
		0E66593F282F16380040CF42 /* Components */ = {
			isa = PBXGroup;
			children = (
				0E66593D282F15EE0040CF42 /* UI */,
				0E66593E282F16000040CF42 /* ViewModels */,
			);
			path = Components;
			sourceTree = "<group>";
		};
		0E665940282F166E0040CF42 /* Resources */ = {
			isa = PBXGroup;
			children = (
				0E665913282F14F10040CF42 /* Assets.xcassets */,
			);
			path = Resources;
			sourceTree = "<group>";
		};
/* End PBXGroup section */

/* Begin PBXNativeTarget section */
		0E66590B282F14EF0040CF42 /* GripXPokemonApp */ = {
			isa = PBXNativeTarget;
			buildConfigurationList = 0E665930282F14F10040CF42 /* Build configuration list for PBXNativeTarget "GripXPokemonApp" */;
			buildPhases = (
				0E665908282F14EF0040CF42 /* Sources */,
				0E665909282F14EF0040CF42 /* Frameworks */,
				0E66590A282F14EF0040CF42 /* Resources */,
			);
			buildRules = (
			);
			dependencies = (
			);
			name = GripXPokemonApp;
			packageProductDependencies = (
				0E66595E2832B0680040CF42 /* PokemonAPI */,
			);
			productName = GripXPokemonApp;
			productReference = 0E66590C282F14EF0040CF42 /* GripXPokemonApp.app */;
			productType = "com.apple.product-type.application";
		};
		0E66591B282F14F10040CF42 /* GripXPokemonAppTests */ = {
			isa = PBXNativeTarget;
			buildConfigurationList = 0E665933282F14F10040CF42 /* Build configuration list for PBXNativeTarget "GripXPokemonAppTests" */;
			buildPhases = (
				0E665918282F14F10040CF42 /* Sources */,
				0E665919282F14F10040CF42 /* Frameworks */,
				0E66591A282F14F10040CF42 /* Resources */,
			);
			buildRules = (
			);
			dependencies = (
				0E66591E282F14F10040CF42 /* PBXTargetDependency */,
			);
			name = GripXPokemonAppTests;
			productName = GripXPokemonAppTests;
			productReference = 0E66591C282F14F10040CF42 /* GripXPokemonAppTests.xctest */;
			productType = "com.apple.product-type.bundle.unit-test";
		};
		0E665925282F14F10040CF42 /* GripXPokemonAppUITests */ = {
			isa = PBXNativeTarget;
			buildConfigurationList = 0E665936282F14F10040CF42 /* Build configuration list for PBXNativeTarget "GripXPokemonAppUITests" */;
			buildPhases = (
				0E665922282F14F10040CF42 /* Sources */,
				0E665923282F14F10040CF42 /* Frameworks */,
				0E665924282F14F10040CF42 /* Resources */,
			);
			buildRules = (
			);
			dependencies = (
				0E665928282F14F10040CF42 /* PBXTargetDependency */,
			);
			name = GripXPokemonAppUITests;
			productName = GripXPokemonAppUITests;
			productReference = 0E665926282F14F10040CF42 /* GripXPokemonAppUITests.xctest */;
			productType = "com.apple.product-type.bundle.ui-testing";
		};
/* End PBXNativeTarget section */

/* Begin PBXProject section */
		0E665904282F14EF0040CF42 /* Project object */ = {
			isa = PBXProject;
			attributes = {
				BuildIndependentTargetsInParallel = 1;
				LastSwiftUpdateCheck = 1330;
				LastUpgradeCheck = 1330;
				TargetAttributes = {
					0E66590B282F14EF0040CF42 = {
						CreatedOnToolsVersion = 13.3;
					};
					0E66591B282F14F10040CF42 = {
						CreatedOnToolsVersion = 13.3;
						TestTargetID = 0E66590B282F14EF0040CF42;
					};
					0E665925282F14F10040CF42 = {
						CreatedOnToolsVersion = 13.3;
						TestTargetID = 0E66590B282F14EF0040CF42;
					};
				};
			};
			buildConfigurationList = 0E665907282F14EF0040CF42 /* Build configuration list for PBXProject "GripXPokemonApp" */;
			compatibilityVersion = "Xcode 13.0";
			developmentRegion = en;
			hasScannedForEncodings = 0;
			knownRegions = (
				en,
				Base,
			);
			mainGroup = 0E665903282F14EF0040CF42;
			packageReferences = (
				0E66595D2832B0680040CF42 /* XCRemoteSwiftPackageReference "PokemonAPI" */,
			);
			productRefGroup = 0E66590D282F14EF0040CF42 /* Products */;
			projectDirPath = "";
			projectRoot = "";
			targets = (
				0E66590B282F14EF0040CF42 /* GripXPokemonApp */,
				0E66591B282F14F10040CF42 /* GripXPokemonAppTests */,
				0E665925282F14F10040CF42 /* GripXPokemonAppUITests */,
			);
		};
/* End PBXProject section */

/* Begin PBXResourcesBuildPhase section */
		0E66590A282F14EF0040CF42 /* Resources */ = {
			isa = PBXResourcesBuildPhase;
			buildActionMask = 2147483647;
			files = (
				0E665917282F14F10040CF42 /* Preview Assets.xcassets in Resources */,
				0E665914282F14F10040CF42 /* Assets.xcassets in Resources */,
			);
			runOnlyForDeploymentPostprocessing = 0;
		};
		0E66591A282F14F10040CF42 /* Resources */ = {
			isa = PBXResourcesBuildPhase;
			buildActionMask = 2147483647;
			files = (
			);
			runOnlyForDeploymentPostprocessing = 0;
		};
		0E665924282F14F10040CF42 /* Resources */ = {
			isa = PBXResourcesBuildPhase;
			buildActionMask = 2147483647;
			files = (
			);
			runOnlyForDeploymentPostprocessing = 0;
		};
/* End PBXResourcesBuildPhase section */

/* Begin PBXSourcesBuildPhase section */
		0E665908282F14EF0040CF42 /* Sources */ = {
			isa = PBXSourcesBuildPhase;
			buildActionMask = 2147483647;
			files = (
				0E665912282F14EF0040CF42 /* ListView.swift in Sources */,
				0E665910282F14EF0040CF42 /* GripXPokemonAppApp.swift in Sources */,
				0E66594D282FFD400040CF42 /* ListViewModel.swift in Sources */,
				0E66594B282FFCF60040CF42 /* PokemonAPI+.swift in Sources */,
			);
			runOnlyForDeploymentPostprocessing = 0;
		};
		0E665918282F14F10040CF42 /* Sources */ = {
			isa = PBXSourcesBuildPhase;
			buildActionMask = 2147483647;
			files = (
				0E665921282F14F10040CF42 /* GripXPokemonAppTests.swift in Sources */,
			);
			runOnlyForDeploymentPostprocessing = 0;
		};
		0E665922282F14F10040CF42 /* Sources */ = {
			isa = PBXSourcesBuildPhase;
			buildActionMask = 2147483647;
			files = (
				0E66592B282F14F10040CF42 /* GripXPokemonAppUITests.swift in Sources */,
				0E66592D282F14F10040CF42 /* GripXPokemonAppUITestsLaunchTests.swift in Sources */,
			);
			runOnlyForDeploymentPostprocessing = 0;
		};
/* End PBXSourcesBuildPhase section */

/* Begin PBXTargetDependency section */
		0E66591E282F14F10040CF42 /* PBXTargetDependency */ = {
			isa = PBXTargetDependency;
			target = 0E66590B282F14EF0040CF42 /* GripXPokemonApp */;
			targetProxy = 0E66591D282F14F10040CF42 /* PBXContainerItemProxy */;
		};
		0E665928282F14F10040CF42 /* PBXTargetDependency */ = {
			isa = PBXTargetDependency;
			target = 0E66590B282F14EF0040CF42 /* GripXPokemonApp */;
			targetProxy = 0E665927282F14F10040CF42 /* PBXContainerItemProxy */;
		};
/* End PBXTargetDependency section */

/* Begin XCBuildConfiguration section */
		0E66592E282F14F10040CF42 /* Debug */ = {
			isa = XCBuildConfiguration;
			buildSettings = {
				ALWAYS_SEARCH_USER_PATHS = NO;
				CLANG_ANALYZER_NONNULL = YES;
				CLANG_ANALYZER_NUMBER_OBJECT_CONVERSION = YES_AGGRESSIVE;
				CLANG_CXX_LANGUAGE_STANDARD = "gnu++17";
				CLANG_ENABLE_MODULES = YES;
				CLANG_ENABLE_OBJC_ARC = YES;
				CLANG_ENABLE_OBJC_WEAK = YES;
				CLANG_WARN_BLOCK_CAPTURE_AUTORELEASING = YES;
				CLANG_WARN_BOOL_CONVERSION = YES;
				CLANG_WARN_COMMA = YES;
				CLANG_WARN_CONSTANT_CONVERSION = YES;
				CLANG_WARN_DEPRECATED_OBJC_IMPLEMENTATIONS = YES;
				CLANG_WARN_DIRECT_OBJC_ISA_USAGE = YES_ERROR;
				CLANG_WARN_DOCUMENTATION_COMMENTS = YES;
				CLANG_WARN_EMPTY_BODY = YES;
				CLANG_WARN_ENUM_CONVERSION = YES;
				CLANG_WARN_INFINITE_RECURSION = YES;
				CLANG_WARN_INT_CONVERSION = YES;
				CLANG_WARN_NON_LITERAL_NULL_CONVERSION = YES;
				CLANG_WARN_OBJC_IMPLICIT_RETAIN_SELF = YES;
				CLANG_WARN_OBJC_LITERAL_CONVERSION = YES;
				CLANG_WARN_OBJC_ROOT_CLASS = YES_ERROR;
				CLANG_WARN_QUOTED_INCLUDE_IN_FRAMEWORK_HEADER = YES;
				CLANG_WARN_RANGE_LOOP_ANALYSIS = YES;
				CLANG_WARN_STRICT_PROTOTYPES = YES;
				CLANG_WARN_SUSPICIOUS_MOVE = YES;
				CLANG_WARN_UNGUARDED_AVAILABILITY = YES_AGGRESSIVE;
				CLANG_WARN_UNREACHABLE_CODE = YES;
				CLANG_WARN__DUPLICATE_METHOD_MATCH = YES;
				COPY_PHASE_STRIP = NO;
				DEBUG_INFORMATION_FORMAT = dwarf;
				ENABLE_STRICT_OBJC_MSGSEND = YES;
				ENABLE_TESTABILITY = YES;
				GCC_C_LANGUAGE_STANDARD = gnu11;
				GCC_DYNAMIC_NO_PIC = NO;
				GCC_NO_COMMON_BLOCKS = YES;
				GCC_OPTIMIZATION_LEVEL = 0;
				GCC_PREPROCESSOR_DEFINITIONS = (
					"DEBUG=1",
					"$(inherited)",
				);
				GCC_WARN_64_TO_32_BIT_CONVERSION = YES;
				GCC_WARN_ABOUT_RETURN_TYPE = YES_ERROR;
				GCC_WARN_UNDECLARED_SELECTOR = YES;
				GCC_WARN_UNINITIALIZED_AUTOS = YES_AGGRESSIVE;
				GCC_WARN_UNUSED_FUNCTION = YES;
				GCC_WARN_UNUSED_VARIABLE = YES;
				IPHONEOS_DEPLOYMENT_TARGET = 15.4;
				MTL_ENABLE_DEBUG_INFO = INCLUDE_SOURCE;
				MTL_FAST_MATH = YES;
				ONLY_ACTIVE_ARCH = YES;
				SDKROOT = iphoneos;
				SWIFT_ACTIVE_COMPILATION_CONDITIONS = DEBUG;
				SWIFT_OPTIMIZATION_LEVEL = "-Onone";
			};
			name = Debug;
		};
		0E66592F282F14F10040CF42 /* Release */ = {
			isa = XCBuildConfiguration;
			buildSettings = {
				ALWAYS_SEARCH_USER_PATHS = NO;
				CLANG_ANALYZER_NONNULL = YES;
				CLANG_ANALYZER_NUMBER_OBJECT_CONVERSION = YES_AGGRESSIVE;
				CLANG_CXX_LANGUAGE_STANDARD = "gnu++17";
				CLANG_ENABLE_MODULES = YES;
				CLANG_ENABLE_OBJC_ARC = YES;
				CLANG_ENABLE_OBJC_WEAK = YES;
				CLANG_WARN_BLOCK_CAPTURE_AUTORELEASING = YES;
				CLANG_WARN_BOOL_CONVERSION = YES;
				CLANG_WARN_COMMA = YES;
				CLANG_WARN_CONSTANT_CONVERSION = YES;
				CLANG_WARN_DEPRECATED_OBJC_IMPLEMENTATIONS = YES;
				CLANG_WARN_DIRECT_OBJC_ISA_USAGE = YES_ERROR;
				CLANG_WARN_DOCUMENTATION_COMMENTS = YES;
				CLANG_WARN_EMPTY_BODY = YES;
				CLANG_WARN_ENUM_CONVERSION = YES;
				CLANG_WARN_INFINITE_RECURSION = YES;
				CLANG_WARN_INT_CONVERSION = YES;
				CLANG_WARN_NON_LITERAL_NULL_CONVERSION = YES;
				CLANG_WARN_OBJC_IMPLICIT_RETAIN_SELF = YES;
				CLANG_WARN_OBJC_LITERAL_CONVERSION = YES;
				CLANG_WARN_OBJC_ROOT_CLASS = YES_ERROR;
				CLANG_WARN_QUOTED_INCLUDE_IN_FRAMEWORK_HEADER = YES;
				CLANG_WARN_RANGE_LOOP_ANALYSIS = YES;
				CLANG_WARN_STRICT_PROTOTYPES = YES;
				CLANG_WARN_SUSPICIOUS_MOVE = YES;
				CLANG_WARN_UNGUARDED_AVAILABILITY = YES_AGGRESSIVE;
				CLANG_WARN_UNREACHABLE_CODE = YES;
				CLANG_WARN__DUPLICATE_METHOD_MATCH = YES;
				COPY_PHASE_STRIP = NO;
				DEBUG_INFORMATION_FORMAT = "dwarf-with-dsym";
				ENABLE_NS_ASSERTIONS = NO;
				ENABLE_STRICT_OBJC_MSGSEND = YES;
				GCC_C_LANGUAGE_STANDARD = gnu11;
				GCC_NO_COMMON_BLOCKS = YES;
				GCC_WARN_64_TO_32_BIT_CONVERSION = YES;
				GCC_WARN_ABOUT_RETURN_TYPE = YES_ERROR;
				GCC_WARN_UNDECLARED_SELECTOR = YES;
				GCC_WARN_UNINITIALIZED_AUTOS = YES_AGGRESSIVE;
				GCC_WARN_UNUSED_FUNCTION = YES;
				GCC_WARN_UNUSED_VARIABLE = YES;
				IPHONEOS_DEPLOYMENT_TARGET = 15.4;
				MTL_ENABLE_DEBUG_INFO = NO;
				MTL_FAST_MATH = YES;
				SDKROOT = iphoneos;
				SWIFT_COMPILATION_MODE = wholemodule;
				SWIFT_OPTIMIZATION_LEVEL = "-O";
				VALIDATE_PRODUCT = YES;
			};
			name = Release;
		};
		0E665931282F14F10040CF42 /* Debug */ = {
			isa = XCBuildConfiguration;
			buildSettings = {
				ASSETCATALOG_COMPILER_APPICON_NAME = AppIcon;
				ASSETCATALOG_COMPILER_GLOBAL_ACCENT_COLOR_NAME = AccentColor;
				CODE_SIGN_STYLE = Automatic;
				CURRENT_PROJECT_VERSION = 1;
				DEVELOPMENT_ASSET_PATHS = "\"GripXPokemonApp/Preview Content\"";
				DEVELOPMENT_TEAM = H54GKQTW33;
				ENABLE_PREVIEWS = YES;
				GENERATE_INFOPLIST_FILE = YES;
				INFOPLIST_KEY_UIApplicationSceneManifest_Generation = YES;
				INFOPLIST_KEY_UIApplicationSupportsIndirectInputEvents = YES;
				INFOPLIST_KEY_UILaunchScreen_Generation = YES;
				INFOPLIST_KEY_UISupportedInterfaceOrientations_iPad = "UIInterfaceOrientationPortrait UIInterfaceOrientationPortraitUpsideDown UIInterfaceOrientationLandscapeLeft UIInterfaceOrientationLandscapeRight";
				INFOPLIST_KEY_UISupportedInterfaceOrientations_iPhone = "UIInterfaceOrientationPortrait UIInterfaceOrientationLandscapeLeft UIInterfaceOrientationLandscapeRight";
				LD_RUNPATH_SEARCH_PATHS = (
					"$(inherited)",
					"@executable_path/Frameworks",
				);
				MARKETING_VERSION = 1.0;
				PRODUCT_BUNDLE_IDENTIFIER = me.williams.joe.GripXPokemonApp;
				PRODUCT_NAME = "$(TARGET_NAME)";
				SWIFT_EMIT_LOC_STRINGS = YES;
				SWIFT_VERSION = 5.0;
				TARGETED_DEVICE_FAMILY = "1,2";
			};
			name = Debug;
		};
		0E665932282F14F10040CF42 /* Release */ = {
			isa = XCBuildConfiguration;
			buildSettings = {
				ASSETCATALOG_COMPILER_APPICON_NAME = AppIcon;
				ASSETCATALOG_COMPILER_GLOBAL_ACCENT_COLOR_NAME = AccentColor;
				CODE_SIGN_STYLE = Automatic;
				CURRENT_PROJECT_VERSION = 1;
				DEVELOPMENT_ASSET_PATHS = "\"GripXPokemonApp/Preview Content\"";
				DEVELOPMENT_TEAM = H54GKQTW33;
				ENABLE_PREVIEWS = YES;
				GENERATE_INFOPLIST_FILE = YES;
				INFOPLIST_KEY_UIApplicationSceneManifest_Generation = YES;
				INFOPLIST_KEY_UIApplicationSupportsIndirectInputEvents = YES;
				INFOPLIST_KEY_UILaunchScreen_Generation = YES;
				INFOPLIST_KEY_UISupportedInterfaceOrientations_iPad = "UIInterfaceOrientationPortrait UIInterfaceOrientationPortraitUpsideDown UIInterfaceOrientationLandscapeLeft UIInterfaceOrientationLandscapeRight";
				INFOPLIST_KEY_UISupportedInterfaceOrientations_iPhone = "UIInterfaceOrientationPortrait UIInterfaceOrientationLandscapeLeft UIInterfaceOrientationLandscapeRight";
				LD_RUNPATH_SEARCH_PATHS = (
					"$(inherited)",
					"@executable_path/Frameworks",
				);
				MARKETING_VERSION = 1.0;
				PRODUCT_BUNDLE_IDENTIFIER = me.williams.joe.GripXPokemonApp;
				PRODUCT_NAME = "$(TARGET_NAME)";
				SWIFT_EMIT_LOC_STRINGS = YES;
				SWIFT_VERSION = 5.0;
				TARGETED_DEVICE_FAMILY = "1,2";
			};
			name = Release;
		};
		0E665934282F14F10040CF42 /* Debug */ = {
			isa = XCBuildConfiguration;
			buildSettings = {
				ALWAYS_EMBED_SWIFT_STANDARD_LIBRARIES = YES;
				BUNDLE_LOADER = "$(TEST_HOST)";
				CODE_SIGN_STYLE = Automatic;
				CURRENT_PROJECT_VERSION = 1;
				DEVELOPMENT_TEAM = H54GKQTW33;
				GENERATE_INFOPLIST_FILE = YES;
				IPHONEOS_DEPLOYMENT_TARGET = 15.4;
				MARKETING_VERSION = 1.0;
				PRODUCT_BUNDLE_IDENTIFIER = me.williams.joe.GripXPokemonAppTests;
				PRODUCT_NAME = "$(TARGET_NAME)";
				SWIFT_EMIT_LOC_STRINGS = NO;
				SWIFT_VERSION = 5.0;
				TARGETED_DEVICE_FAMILY = "1,2";
				TEST_HOST = "$(BUILT_PRODUCTS_DIR)/GripXPokemonApp.app/GripXPokemonApp";
			};
			name = Debug;
		};
		0E665935282F14F10040CF42 /* Release */ = {
			isa = XCBuildConfiguration;
			buildSettings = {
				ALWAYS_EMBED_SWIFT_STANDARD_LIBRARIES = YES;
				BUNDLE_LOADER = "$(TEST_HOST)";
				CODE_SIGN_STYLE = Automatic;
				CURRENT_PROJECT_VERSION = 1;
				DEVELOPMENT_TEAM = H54GKQTW33;
				GENERATE_INFOPLIST_FILE = YES;
				IPHONEOS_DEPLOYMENT_TARGET = 15.4;
				MARKETING_VERSION = 1.0;
				PRODUCT_BUNDLE_IDENTIFIER = me.williams.joe.GripXPokemonAppTests;
				PRODUCT_NAME = "$(TARGET_NAME)";
				SWIFT_EMIT_LOC_STRINGS = NO;
				SWIFT_VERSION = 5.0;
				TARGETED_DEVICE_FAMILY = "1,2";
				TEST_HOST = "$(BUILT_PRODUCTS_DIR)/GripXPokemonApp.app/GripXPokemonApp";
			};
			name = Release;
		};
		0E665937282F14F10040CF42 /* Debug */ = {
			isa = XCBuildConfiguration;
			buildSettings = {
				ALWAYS_EMBED_SWIFT_STANDARD_LIBRARIES = YES;
				CODE_SIGN_STYLE = Automatic;
				CURRENT_PROJECT_VERSION = 1;
				DEVELOPMENT_TEAM = H54GKQTW33;
				GENERATE_INFOPLIST_FILE = YES;
				MARKETING_VERSION = 1.0;
				PRODUCT_BUNDLE_IDENTIFIER = me.williams.joe.GripXPokemonAppUITests;
				PRODUCT_NAME = "$(TARGET_NAME)";
				SWIFT_EMIT_LOC_STRINGS = NO;
				SWIFT_VERSION = 5.0;
				TARGETED_DEVICE_FAMILY = "1,2";
				TEST_TARGET_NAME = GripXPokemonApp;
			};
			name = Debug;
		};
		0E665938282F14F10040CF42 /* Release */ = {
			isa = XCBuildConfiguration;
			buildSettings = {
				ALWAYS_EMBED_SWIFT_STANDARD_LIBRARIES = YES;
				CODE_SIGN_STYLE = Automatic;
				CURRENT_PROJECT_VERSION = 1;
				DEVELOPMENT_TEAM = H54GKQTW33;
				GENERATE_INFOPLIST_FILE = YES;
				MARKETING_VERSION = 1.0;
				PRODUCT_BUNDLE_IDENTIFIER = me.williams.joe.GripXPokemonAppUITests;
				PRODUCT_NAME = "$(TARGET_NAME)";
				SWIFT_EMIT_LOC_STRINGS = NO;
				SWIFT_VERSION = 5.0;
				TARGETED_DEVICE_FAMILY = "1,2";
				TEST_TARGET_NAME = GripXPokemonApp;
			};
			name = Release;
		};
/* End XCBuildConfiguration section */

/* Begin XCConfigurationList section */
		0E665907282F14EF0040CF42 /* Build configuration list for PBXProject "GripXPokemonApp" */ = {
			isa = XCConfigurationList;
			buildConfigurations = (
				0E66592E282F14F10040CF42 /* Debug */,
				0E66592F282F14F10040CF42 /* Release */,
			);
			defaultConfigurationIsVisible = 0;
			defaultConfigurationName = Release;
		};
		0E665930282F14F10040CF42 /* Build configuration list for PBXNativeTarget "GripXPokemonApp" */ = {
			isa = XCConfigurationList;
			buildConfigurations = (
				0E665931282F14F10040CF42 /* Debug */,
				0E665932282F14F10040CF42 /* Release */,
			);
			defaultConfigurationIsVisible = 0;
			defaultConfigurationName = Release;
		};
		0E665933282F14F10040CF42 /* Build configuration list for PBXNativeTarget "GripXPokemonAppTests" */ = {
			isa = XCConfigurationList;
			buildConfigurations = (
				0E665934282F14F10040CF42 /* Debug */,
				0E665935282F14F10040CF42 /* Release */,
			);
			defaultConfigurationIsVisible = 0;
			defaultConfigurationName = Release;
		};
		0E665936282F14F10040CF42 /* Build configuration list for PBXNativeTarget "GripXPokemonAppUITests" */ = {
			isa = XCConfigurationList;
			buildConfigurations = (
				0E665937282F14F10040CF42 /* Debug */,
				0E665938282F14F10040CF42 /* Release */,
			);
			defaultConfigurationIsVisible = 0;
			defaultConfigurationName = Release;
		};
/* End XCConfigurationList section */

/* Begin XCRemoteSwiftPackageReference section */
		0E66595D2832B0680040CF42 /* XCRemoteSwiftPackageReference "PokemonAPI" */ = {
			isa = XCRemoteSwiftPackageReference;
			repositoryURL = "https://github.com/kinkofer/PokemonAPI";
			requirement = {
				kind = upToNextMajorVersion;
				minimumVersion = 6.0.0;
			};
		};
/* End XCRemoteSwiftPackageReference section */

/* Begin XCSwiftPackageProductDependency section */
		0E66595E2832B0680040CF42 /* PokemonAPI */ = {
			isa = XCSwiftPackageProductDependency;
			package = 0E66595D2832B0680040CF42 /* XCRemoteSwiftPackageReference "PokemonAPI" */;
			productName = PokemonAPI;
		};
/* End XCSwiftPackageProductDependency section */
	};
	rootObject = 0E665904282F14EF0040CF42 /* Project object */;
}
